<?xml version="1.0" encoding="utf-8"?>
<Project ToolsVersion="4.0" xmlns="http://schemas.microsoft.com/developer/msbuild/2003">
  <ItemGroup>
    <Filter Include="Source Files">
      <UniqueIdentifier>{4FC737F1-C7A5-4376-A066-2A32D752A2FF}</UniqueIdentifier>
      <Extensions>cpp;c;cc;cxx;c++;cppm;ixx;def;odl;idl;hpj;bat;asm;asmx</Extensions>
    </Filter>
    <Filter Include="Header Files">
      <UniqueIdentifier>{93995380-89BD-4b04-88EB-625FBE52EBFB}</UniqueIdentifier>
      <Extensions>h;hh;hpp;hxx;h++;hm;inl;inc;ipp;xsd</Extensions>
    </Filter>
    <Filter Include="Resource Files">
      <UniqueIdentifier>{67DA6AB6-F800-4c08-8B7A-83BB121AAD01}</UniqueIdentifier>
      <Extensions>rc;ico;cur;bmp;dlg;rc2;rct;bin;rgs;gif;jpg;jpeg;jpe;resx;tiff;tif;png;wav;mfcribbon-ms</Extensions>
    </Filter>
  </ItemGroup>
  <ItemGroup>
    <ClCompile Include="Login.cpp">
      <Filter>Source Files</Filter>
    </ClCompile>
    <ClCompile Include="Dashboard.cpp">
      <Filter>Source Files</Filter>
    </ClCompile>
    <ClCompile Include="SearchAndEdit.cpp">
      <Filter>Source Files</Filter>
    </ClCompile>
    <ClCompile Include="AddBook.cpp">
      <Filter>Source Files</Filter>
    </ClCompile>
    <ClCompile Include="InventoryDetails.cpp">
      <Filter>Source Files</Filter>
    </ClCompile>
    <ClCompile Include="CustomerDetails.cpp">
      <Filter>Source Files</Filter>
    </ClCompile>
    <ClCompile Include="OtherDetails.cpp">
      <Filter>Source Files</Filter>
    </ClCompile>
    <ClCompile Include="RequestFunds.cpp">
      <Filter>Source Files</Filter>
    </ClCompile>
    <ClCompile Include="PlaceOrder.cpp">
      <Filter>Source Files</Filter>
    </ClCompile>
    <ClCompile Include="TrackOrder.cpp">
      <Filter>Source Files</Filter>
    </ClCompile>
    <ClCompile Include="Cart.cpp">
      <Filter>Source Files</Filter>
    </ClCompile>
    <ClCompile Include="EmployeeDetails.cpp">
      <Filter>Source Files</Filter>
    </ClCompile>
    <ClCompile Include="LibraryEvents.cpp">
      <Filter>Source Files</Filter>
    </ClCompile>
    <ClCompile Include="CartCombined.cpp">
      <Filter>Source Files</Filter>
    </ClCompile>
    <ClCompile Include="FinalDataEntry.cpp">
      <Filter>Source Files</Filter>
    </ClCompile>
    <ClCompile Include="Notifications.cpp">
      <Filter>Source Files</Filter>
    </ClCompile>
  </ItemGroup>
  <ItemGroup>
    <ClInclude Include="Login.h">
      <Filter>Header Files</Filter>
    </ClInclude>
    <ClInclude Include="user.h">
      <Filter>Header Files</Filter>
    </ClInclude>
    <ClInclude Include="Dashboard.h">
      <Filter>Header Files</Filter>
    </ClInclude>
    <ClInclude Include="SearchAndEdit.h">
      <Filter>Header Files</Filter>
    </ClInclude>
    <ClInclude Include="AddBook.h">
      <Filter>Header Files</Filter>
    </ClInclude>
    <ClInclude Include="InventoryDetails.h">
      <Filter>Header Files</Filter>
    </ClInclude>
    <ClInclude Include="CustomerDetails.h">
      <Filter>Header Files</Filter>
    </ClInclude>
    <ClInclude Include="OtherDetails.h">
      <Filter>Header Files</Filter>
    </ClInclude>
    <ClInclude Include="RequestFunds.h">
      <Filter>Header Files</Filter>
    </ClInclude>
    <ClInclude Include="PlaceOrder.h">
      <Filter>Header Files</Filter>
    </ClInclude>
    <ClInclude Include="TrackOrder.h">
      <Filter>Header Files</Filter>
    </ClInclude>
    <ClInclude Include="Cart.h">
      <Filter>Header Files</Filter>
    </ClInclude>
    <ClInclude Include="EmployeeDetails.h">
      <Filter>Header Files</Filter>
    </ClInclude>
    <ClInclude Include="LibraryEvents.h">
      <Filter>Header Files</Filter>
    </ClInclude>
    <ClInclude Include="CartCombined.h">
      <Filter>Header Files</Filter>
    </ClInclude>
    <ClInclude Include="Catalog.h">
      <Filter>Header Files</Filter>
    </ClInclude>
    <ClInclude Include="book.h">
      <Filter>Header Files</Filter>
    </ClInclude>
    <ClInclude Include="EventClass.h">
      <Filter>Header Files</Filter>
    </ClInclude>
    <ClInclude Include="EventsForLibrary.h">
      <Filter>Header Files</Filter>
    </ClInclude>
    <ClInclude Include="FinalDataEntry.h">
      <Filter>Header Files</Filter>
    </ClInclude>
    <ClInclude Include="CusDet.h">
      <Filter>Header Files</Filter>
    </ClInclude>
    <ClInclude Include="Employes.h">
      <Filter>Header Files</Filter>
    </ClInclude>
    <ClInclude Include="Tracker.h">
      <Filter>Header Files</Filter>
    </ClInclude>
    <ClInclude Include="Notifications.h">
      <Filter>Header Files</Filter>
    </ClInclude>
  </ItemGroup>
</Project>